
Microsoft Visual Studio Solution File, Format Version 12.00
# Visual Studio 2013
VisualStudioVersion = 12.0.21005.1
MinimumVisualStudioVersion = 10.0.40219.1
Project("{FAE04EC0-301F-11D3-BF4B-00C04F79EFBC}") = "RockPaperScissorsWebApp", "RockPaperScissorsWebApp\RockPaperScissorsWebApp.csproj", "{55143324-6DE7-4690-B87D-7BBB3F252978}"
EndProject
Project("{FAE04EC0-301F-11D3-BF4B-00C04F79EFBC}") = "RockPaperScissorsWebApp.Tests", "RockPaperScissorsWebApp.Tests\RockPaperScissorsWebApp.Tests.csproj", "{91DC3310-2322-47AC-B393-EC2D87F30F56}"
EndProject
Global
	GlobalSection(SolutionConfigurationPlatforms) = preSolution
		Debug|Any CPU = Debug|Any CPU
		Release|Any CPU = Release|Any CPU
	EndGlobalSection
	GlobalSection(ProjectConfigurationPlatforms) = postSolution
		{55143324-6DE7-4690-B87D-7BBB3F252978}.Debug|Any CPU.ActiveCfg = Debug|Any CPU
		{55143324-6DE7-4690-B87D-7BBB3F252978}.Debug|Any CPU.Build.0 = Debug|Any CPU
		{55143324-6DE7-4690-B87D-7BBB3F252978}.Release|Any CPU.ActiveCfg = Release|Any CPU
		{55143324-6DE7-4690-B87D-7BBB3F252978}.Release|Any CPU.Build.0 = Release|Any CPU
		{91DC3310-2322-47AC-B393-EC2D87F30F56}.Debug|Any CPU.ActiveCfg = Debug|Any CPU
		{91DC3310-2322-47AC-B393-EC2D87F30F56}.Debug|Any CPU.Build.0 = Debug|Any CPU
		{91DC3310-2322-47AC-B393-EC2D87F30F56}.Release|Any CPU.ActiveCfg = Release|Any CPU
		{91DC3310-2322-47AC-B393-EC2D87F30F56}.Release|Any CPU.Build.0 = Release|Any CPU
	EndGlobalSection
	GlobalSection(SolutionProperties) = preSolution
		HideSolutionNode = FALSE
	EndGlobalSection
EndGlobal
